# THIS IS AN AUTOGENERATED FILE. DO NOT EDIT THIS FILE DIRECTLY.
# yarn lockfile v1


uniq@^1.0.1:
  version "1.0.1"
  resolved "https://registry.yarnpkg.com/uniq/-/uniq-1.0.1.tgz#b31c5ae8254844a3a8281541ce2b04b865a734ff"
  integrity sha512-Gw+zz50YNKPDKXs+9d+aKAjVwpjNwqzvNpLigIruT4HA9lMZNdMqs9x07kKHB/L9WRzqp4+DlTU5s4wG2esdoA==

youngsdream_math@^1.0.0:
  version "1.0.0"
  resolved "https://registry.yarnpkg.com/youngsdream_math/-/youngsdream_math-1.0.0.tgz#6dba0b510dcba3a7e5fc27d6a59f3e35db8bd3af"
  integrity sha512-v0VmJL5gz+uoKDmCvj0qw5eW7jdFXHv84/C6ngTgdh/3j9yfuyhyLLxzIVBUvx2FzD8zqByvfOYQsB4FhLQhJA==
